<?xml version="1.0" encoding="utf-8"?>
<Project ToolsVersion="4.0" xmlns="http://schemas.microsoft.com/developer/msbuild/2003">
  <ItemGroup>
    <Filter Include="Source Files">
      <UniqueIdentifier>{4FC737F1-C7A5-4376-A066-2A32D752A2FF}</UniqueIdentifier>
      <Extensions>cpp;c;cc;cxx;c++;cppm;ixx;def;odl;idl;hpj;bat;asm;asmx</Extensions>
    </Filter>
    <Filter Include="Header Files">
      <UniqueIdentifier>{93995380-89BD-4b04-88EB-625FBE52EBFB}</UniqueIdentifier>
      <Extensions>h;hh;hpp;hxx;h++;hm;inl;inc;ipp;xsd</Extensions>
    </Filter>
    <Filter Include="Resource Files">
      <UniqueIdentifier>{67DA6AB6-F800-4c08-8B7A-83BB121AAD01}</UniqueIdentifier>
      <Extensions>rc;ico;cur;bmp;dlg;rc2;rct;bin;rgs;gif;jpg;jpeg;jpe;resx;tiff;tif;png;wav;mfcribbon-ms</Extensions>
    </Filter>
    <Filter Include="Source Files\Character">
      <UniqueIdentifier>{d5ef8749-64ff-4502-aaf0-f4b6593a2aa5}</UniqueIdentifier>
    </Filter>
    <Filter Include="Header Files\Characters">
      <UniqueIdentifier>{1cc55d96-1c94-4480-8f1c-a92119f311f7}</UniqueIdentifier>
    </Filter>
    <Filter Include="Header Files\Level">
      <UniqueIdentifier>{9a89e645-abde-4fe9-8529-0d3b4bce5d63}</UniqueIdentifier>
    </Filter>
    <Filter Include="Header Files\Objects">
      <UniqueIdentifier>{43531d24-aeb3-48cb-888e-e765048fd068}</UniqueIdentifier>
    </Filter>
    <Filter Include="Source Files\Level">
      <UniqueIdentifier>{c2460083-2336-4fc9-85e9-18e1f7d0a2ce}</UniqueIdentifier>
    </Filter>
    <Filter Include="Source Files\Objects">
      <UniqueIdentifier>{59cad3d5-24f0-47b4-984d-7d17de93df68}</UniqueIdentifier>
    </Filter>
  </ItemGroup>
  <ItemGroup>
    <ClInclude Include="framework.h">
      <Filter>Header Files</Filter>
    </ClInclude>
    <ClInclude Include="pch.h">
      <Filter>Header Files</Filter>
    </ClInclude>
    <ClInclude Include="utils.h">
      <Filter>Header Files</Filter>
    </ClInclude>
    <ClInclude Include="mod.h">
      <Filter>Header Files</Filter>
    </ClInclude>
    <ClInclude Include="sh-light.h">
      <Filter>Header Files\Objects</Filter>
    </ClInclude>
    <ClInclude Include="sh-cage.h">
      <Filter>Header Files\Objects</Filter>
    </ClInclude>
    <ClInclude Include="sh-glass.h">
      <Filter>Header Files\Objects</Filter>
    </ClInclude>
    <ClInclude Include="sh-lamp.h">
      <Filter>Header Files\Objects</Filter>
    </ClInclude>
    <ClInclude Include="obj-common.h">
      <Filter>Header Files\Objects</Filter>
    </ClInclude>
    <ClInclude Include="sh-cone.h">
      <Filter>Header Files\Objects</Filter>
    </ClInclude>
    <ClInclude Include="ninja-utils.h">
      <Filter>Header Files</Filter>
    </ClInclude>
    <ClInclude Include="objects.h">
      <Filter>Header Files\Objects</Filter>
    </ClInclude>
    <ClInclude Include="sh-bell.h">
      <Filter>Header Files\Objects</Filter>
    </ClInclude>
    <ClInclude Include="sh-jammer.h">
      <Filter>Header Files\Objects</Filter>
    </ClInclude>
    <ClInclude Include="sa2-utils.h">
      <Filter>Header Files</Filter>
    </ClInclude>
    <ClInclude Include="level.h">
      <Filter>Header Files\Level</Filter>
    </ClInclude>
    <ClInclude Include="PhysicsFunction.h">
      <Filter>Header Files\Characters</Filter>
    </ClInclude>
    <ClInclude Include="Sonic.h">
      <Filter>Header Files\Characters</Filter>
    </ClInclude>
    <ClInclude Include="act.h">
      <Filter>Header Files\Level</Filter>
    </ClInclude>
    <ClInclude Include="SH-Fountain.h">
      <Filter>Header Files\Objects</Filter>
    </ClInclude>
    <ClInclude Include="startpos.h">
      <Filter>Header Files</Filter>
    </ClInclude>
    <ClInclude Include="SH-Car.h">
      <Filter>Header Files\Objects</Filter>
    </ClInclude>
    <ClInclude Include="sound.h">
      <Filter>Header Files</Filter>
    </ClInclude>
  </ItemGroup>
  <ItemGroup>
    <ClCompile Include="dllmain.cpp">
      <Filter>Source Files</Filter>
    </ClCompile>
    <ClCompile Include="pch.cpp">
      <Filter>Source Files</Filter>
    </ClCompile>
    <ClCompile Include="mod.cpp">
      <Filter>Source Files</Filter>
    </ClCompile>
    <ClCompile Include="utils.cpp">
      <Filter>Source Files</Filter>
    </ClCompile>
    <ClCompile Include="act.cpp">
      <Filter>Source Files\Level</Filter>
    </ClCompile>
    <ClCompile Include="objects.cpp">
      <Filter>Source Files\Objects</Filter>
    </ClCompile>
    <ClCompile Include="paths.cpp">
      <Filter>Source Files\Level</Filter>
    </ClCompile>
    <ClCompile Include="obj-common.cpp">
      <Filter>Source Files\Objects</Filter>
    </ClCompile>
    <ClCompile Include="sh-cage.cpp">
      <Filter>Source Files\Objects</Filter>
    </ClCompile>
    <ClCompile Include="sh-glass.cpp">
      <Filter>Source Files\Objects</Filter>
    </ClCompile>
    <ClCompile Include="Sonic.cpp">
      <Filter>Source Files\Character</Filter>
    </ClCompile>
    <ClCompile Include="PhysicsFunction.cpp">
      <Filter>Source Files\Character</Filter>
    </ClCompile>
    <ClCompile Include="sh-light.cpp">
      <Filter>Source Files\Objects</Filter>
    </ClCompile>
    <ClCompile Include="sh-lamp.cpp">
      <Filter>Source Files\Objects</Filter>
    </ClCompile>
    <ClCompile Include="sh-cone.cpp">
      <Filter>Source Files\Objects</Filter>
    </ClCompile>
    <ClCompile Include="ninja-utils.cpp">
      <Filter>Source Files</Filter>
    </ClCompile>
    <ClCompile Include="sh-bell.cpp">
      <Filter>Source Files\Objects</Filter>
    </ClCompile>
    <ClCompile Include="sh-jammer.cpp">
      <Filter>Source Files\Objects</Filter>
    </ClCompile>
    <ClCompile Include="level.cpp">
      <Filter>Source Files\Level</Filter>
    </ClCompile>
    <ClCompile Include="deathzones.cpp">
      <Filter>Source Files\Level</Filter>
    </ClCompile>
    <ClCompile Include="sh-turnasi.cpp">
      <Filter>Source Files\Objects</Filter>
    </ClCompile>
    <ClCompile Include="sh-helico.cpp">
      <Filter>Source Files\Objects</Filter>
    </ClCompile>
    <ClCompile Include="sh-fountain.cpp">
      <Filter>Source Files\Objects</Filter>
    </ClCompile>
    <ClCompile Include="StartPosition.cpp">
      <Filter>Source Files\Level</Filter>
    </ClCompile>
    <ClCompile Include="sh-car.cpp">
      <Filter>Source Files\Objects</Filter>
    </ClCompile>
    <ClCompile Include="sh-ev.cpp">
      <Filter>Source Files\Objects</Filter>
    </ClCompile>
    <ClCompile Include="sh-neon.cpp">
      <Filter>Source Files\Objects</Filter>
    </ClCompile>
    <ClCompile Include="sh-Escalator.cpp">
      <Filter>Source Files\Objects</Filter>
    </ClCompile>
    <ClCompile Include="sh-arcade.cpp">
      <Filter>Source Files\Objects</Filter>
    </ClCompile>
    <ClCompile Include="sh-poster.cpp">
      <Filter>Source Files\Objects</Filter>
    </ClCompile>
    <ClCompile Include="SH-Tokei.cpp">
      <Filter>Source Files\Objects</Filter>
    </ClCompile>
    <ClCompile Include="SH-Green.cpp">
      <Filter>Source Files\Objects</Filter>
    </ClCompile>
    <ClCompile Include="sh-hyd.cpp">
      <Filter>Source Files\Objects</Filter>
    </ClCompile>
    <ClCompile Include="sh-gclight.cpp">
      <Filter>Source Files\Objects</Filter>
    </ClCompile>
    <ClCompile Include="sh-tank.cpp">
      <Filter>Source Files\Objects</Filter>
    </ClCompile>
    <ClCompile Include="sh-signB.cpp">
      <Filter>Source Files\Objects</Filter>
    </ClCompile>
  </ItemGroup>
</Project>